github.com/Bazhenator/StringFuncs v0.0.1 h1:ITj3faO/S7+9I4R+BULqsVvMCX1PLsRluYTTFKdsdf4=
github.com/Bazhenator/StringFuncs v0.0.1/go.mod h1:GQm1N07vtbrFjUDYmnGJpbZMSo62i4inx7QRQxgmxIw=
github.com/go-yaml/yaml v2.1.0+incompatible h1:RYi2hDdss1u4YE7GwixGzWwVo47T8UQwnTLB6vQiq+o=
github.com/go-yaml/yaml v2.1.0+incompatible/go.mod h1:w2MrLa16VYP0jy6N7M5kHaCkaLENm+P+Tv+MfurjSw0=
